
Microsoft Visual Studio Solution File, Format Version 12.00
# Visual Studio Version 17
VisualStudioVersion = 17.9.34622.214
MinimumVisualStudioVersion = 10.0.40219.1
Project("{9A19103F-16F7-4668-BE54-9A1E7A4F7556}") = "ChasterUtil", "ChasterUtil.csproj", "{6A44377B-B071-4004-A5D9-43C1BF9C9C1B}"
EndProject
Project("{9A19103F-16F7-4668-BE54-9A1E7A4F7556}") = "ChasterSharp", "..\ChasterSharp\ChasterSharp.csproj", "{37AAA453-8A58-4A81-9958-CC25C4A4AEE7}"
EndProject
Global
	GlobalSection(SolutionConfigurationPlatforms) = preSolution
		Debug|Any CPU = Debug|Any CPU
		Release|Any CPU = Release|Any CPU
	EndGlobalSection
	GlobalSection(ProjectConfigurationPlatforms) = postSolution
		{6A44377B-B071-4004-A5D9-43C1BF9C9C1B}.Debug|Any CPU.ActiveCfg = Debug|Any CPU
		{6A44377B-B071-4004-A5D9-43C1BF9C9C1B}.Debug|Any CPU.Build.0 = Debug|Any CPU
		{6A44377B-B071-4004-A5D9-43C1BF9C9C1B}.Release|Any CPU.ActiveCfg = Release|Any CPU
		{6A44377B-B071-4004-A5D9-43C1BF9C9C1B}.Release|Any CPU.Build.0 = Release|Any CPU
		{37AAA453-8A58-4A81-9958-CC25C4A4AEE7}.Debug|Any CPU.ActiveCfg = Debug|Any CPU
		{37AAA453-8A58-4A81-9958-CC25C4A4AEE7}.Debug|Any CPU.Build.0 = Debug|Any CPU
		{37AAA453-8A58-4A81-9958-CC25C4A4AEE7}.Release|Any CPU.ActiveCfg = Release|Any CPU
		{37AAA453-8A58-4A81-9958-CC25C4A4AEE7}.Release|Any CPU.Build.0 = Release|Any CPU
	EndGlobalSection
	GlobalSection(SolutionProperties) = preSolution
		HideSolutionNode = FALSE
	EndGlobalSection
	GlobalSection(ExtensibilityGlobals) = postSolution
		SolutionGuid = {4A0812F6-464E-4669-BC00-E761756B5866}
	EndGlobalSection
EndGlobal
